// !$*UTF8*$!
{
	archiveVersion = 1;
	classes = {
	};
	objectVersion = 55;
	objects = {

/* Begin PBXBuildFile section */
		044A3A4D289D671C00BE8D3F /* AppDelegate.swift in Sources */ = {isa = PBXBuildFile; fileRef = 044A3A4C289D671C00BE8D3F /* AppDelegate.swift */; };
		044A3A4F289D671C00BE8D3F /* SceneDelegate.swift in Sources */ = {isa = PBXBuildFile; fileRef = 044A3A4E289D671C00BE8D3F /* SceneDelegate.swift */; };
		044A3A51289D671C00BE8D3F /* HomeViewController.swift in Sources */ = {isa = PBXBuildFile; fileRef = 044A3A50289D671C00BE8D3F /* HomeViewController.swift */; };
		044A3A54289D671C00BE8D3F /* Main.storyboard in Resources */ = {isa = PBXBuildFile; fileRef = 044A3A52289D671C00BE8D3F /* Main.storyboard */; };
		044A3A56289D671E00BE8D3F /* Assets.xcassets in Resources */ = {isa = PBXBuildFile; fileRef = 044A3A55289D671E00BE8D3F /* Assets.xcassets */; };
		044A3A59289D671E00BE8D3F /* LaunchScreen.storyboard in Resources */ = {isa = PBXBuildFile; fileRef = 044A3A57289D671E00BE8D3F /* LaunchScreen.storyboard */; };
		044A3A6E289DCE6900BE8D3F /* HomeViewModel.swift in Sources */ = {isa = PBXBuildFile; fileRef = 044A3A6D289DCE6900BE8D3F /* HomeViewModel.swift */; };
		044A3A76289DCFEC00BE8D3F /* BaseViewController.swift in Sources */ = {isa = PBXBuildFile; fileRef = 044A3A75289DCFEC00BE8D3F /* BaseViewController.swift */; };
		044A3A78289DCFF600BE8D3F /* BaseViewModel.swift in Sources */ = {isa = PBXBuildFile; fileRef = 044A3A77289DCFF600BE8D3F /* BaseViewModel.swift */; };
		04A7269C289DE4D300007C51 /* client_56956782821-r4tsee7e80ji8n1bqkeuco8mpavrb643.apps.googleusercontent.com.plist in Resources */ = {isa = PBXBuildFile; fileRef = 04A7269B289DE4D300007C51 /* client_56956782821-r4tsee7e80ji8n1bqkeuco8mpavrb643.apps.googleusercontent.com.plist */; };
		04A7269E289DE8A000007C51 /* NetworkManager.swift in Sources */ = {isa = PBXBuildFile; fileRef = 04A7269D289DE8A000007C51 /* NetworkManager.swift */; };
		04A726AA28A05ABF00007C51 /* PlaylistModelResponse.swift in Sources */ = {isa = PBXBuildFile; fileRef = 04A726A928A05ABF00007C51 /* PlaylistModelResponse.swift */; };
		5BCA47A3C31090CEAC929031 /* Pods_Reels.framework in Frameworks */ = {isa = PBXBuildFile; fileRef = F98F34E70CA0E82FBB088CE5 /* Pods_Reels.framework */; };
/* End PBXBuildFile section */

/* Begin PBXFileReference section */
		044A3A49289D671C00BE8D3F /* Reels.app */ = {isa = PBXFileReference; explicitFileType = wrapper.application; includeInIndex = 0; path = Reels.app; sourceTree = BUILT_PRODUCTS_DIR; };
		044A3A4C289D671C00BE8D3F /* AppDelegate.swift */ = {isa = PBXFileReference; lastKnownFileType = sourcecode.swift; path = AppDelegate.swift; sourceTree = "<group>"; };
		044A3A4E289D671C00BE8D3F /* SceneDelegate.swift */ = {isa = PBXFileReference; lastKnownFileType = sourcecode.swift; path = SceneDelegate.swift; sourceTree = "<group>"; };
		044A3A50289D671C00BE8D3F /* HomeViewController.swift */ = {isa = PBXFileReference; lastKnownFileType = sourcecode.swift; path = HomeViewController.swift; sourceTree = "<group>"; };
		044A3A53289D671C00BE8D3F /* Base */ = {isa = PBXFileReference; lastKnownFileType = file.storyboard; name = Base; path = Base.lproj/Main.storyboard; sourceTree = "<group>"; };
		044A3A55289D671E00BE8D3F /* Assets.xcassets */ = {isa = PBXFileReference; lastKnownFileType = folder.assetcatalog; path = Assets.xcassets; sourceTree = "<group>"; };
		044A3A58289D671E00BE8D3F /* Base */ = {isa = PBXFileReference; lastKnownFileType = file.storyboard; name = Base; path = Base.lproj/LaunchScreen.storyboard; sourceTree = "<group>"; };
		044A3A5A289D671E00BE8D3F /* Info.plist */ = {isa = PBXFileReference; lastKnownFileType = text.plist.xml; path = Info.plist; sourceTree = "<group>"; };
		044A3A6D289DCE6900BE8D3F /* HomeViewModel.swift */ = {isa = PBXFileReference; lastKnownFileType = sourcecode.swift; path = HomeViewModel.swift; sourceTree = "<group>"; };
		044A3A75289DCFEC00BE8D3F /* BaseViewController.swift */ = {isa = PBXFileReference; lastKnownFileType = sourcecode.swift; path = BaseViewController.swift; sourceTree = "<group>"; };
		044A3A77289DCFF600BE8D3F /* BaseViewModel.swift */ = {isa = PBXFileReference; lastKnownFileType = sourcecode.swift; path = BaseViewModel.swift; sourceTree = "<group>"; };
		04A7269B289DE4D300007C51 /* client_56956782821-r4tsee7e80ji8n1bqkeuco8mpavrb643.apps.googleusercontent.com.plist */ = {isa = PBXFileReference; fileEncoding = 4; lastKnownFileType = text.plist.xml; path = "client_56956782821-r4tsee7e80ji8n1bqkeuco8mpavrb643.apps.googleusercontent.com.plist"; sourceTree = "<group>"; };
		04A7269D289DE8A000007C51 /* NetworkManager.swift */ = {isa = PBXFileReference; lastKnownFileType = sourcecode.swift; path = NetworkManager.swift; sourceTree = "<group>"; };
		04A726A928A05ABF00007C51 /* PlaylistModelResponse.swift */ = {isa = PBXFileReference; lastKnownFileType = sourcecode.swift; path = PlaylistModelResponse.swift; sourceTree = "<group>"; };
		9424A497A1FD558000AEF7F8 /* Pods-Reels.debug.xcconfig */ = {isa = PBXFileReference; includeInIndex = 1; lastKnownFileType = text.xcconfig; name = "Pods-Reels.debug.xcconfig"; path = "Target Support Files/Pods-Reels/Pods-Reels.debug.xcconfig"; sourceTree = "<group>"; };
		F3CA9D1BABE0F97507F59280 /* Pods-Reels.release.xcconfig */ = {isa = PBXFileReference; includeInIndex = 1; lastKnownFileType = text.xcconfig; name = "Pods-Reels.release.xcconfig"; path = "Target Support Files/Pods-Reels/Pods-Reels.release.xcconfig"; sourceTree = "<group>"; };
		F98F34E70CA0E82FBB088CE5 /* Pods_Reels.framework */ = {isa = PBXFileReference; explicitFileType = wrapper.framework; includeInIndex = 0; path = Pods_Reels.framework; sourceTree = BUILT_PRODUCTS_DIR; };
/* End PBXFileReference section */

/* Begin PBXFrameworksBuildPhase section */
		044A3A46289D671C00BE8D3F /* Frameworks */ = {
			isa = PBXFrameworksBuildPhase;
			buildActionMask = 2147483647;
			files = (
				5BCA47A3C31090CEAC929031 /* Pods_Reels.framework in Frameworks */,
			);
			runOnlyForDeploymentPostprocessing = 0;
		};
/* End PBXFrameworksBuildPhase section */

/* Begin PBXGroup section */
		044A3A40289D671B00BE8D3F = {
			isa = PBXGroup;
			children = (
				044A3A4B289D671C00BE8D3F /* Reels */,
				044A3A4A289D671C00BE8D3F /* Products */,
				7E2D42E507D120C82907C3AF /* Pods */,
				F552D667AEC5BFE1BAFADA30 /* Frameworks */,
			);
			sourceTree = "<group>";
		};
		044A3A4A289D671C00BE8D3F /* Products */ = {
			isa = PBXGroup;
			children = (
				044A3A49289D671C00BE8D3F /* Reels.app */,
			);
			name = Products;
			sourceTree = "<group>";
		};
		044A3A4B289D671C00BE8D3F /* Reels */ = {
			isa = PBXGroup;
			children = (
				04A7269B289DE4D300007C51 /* client_56956782821-r4tsee7e80ji8n1bqkeuco8mpavrb643.apps.googleusercontent.com.plist */,
				044A3A6C289D685E00BE8D3F /* Helper */,
				044A3A6B289D684B00BE8D3F /* Core */,
				044A3A6A289D683F00BE8D3F /* Network */,
				044A3A69289D683400BE8D3F /* Extension */,
				044A3A6F289DCFA300BE8D3F /* BaseModule */,
				044A3A65289D681600BE8D3F /* ShowModule */,
				044A3A64289D67FD00BE8D3F /* HomeModule */,
				044A3A55289D671E00BE8D3F /* Assets.xcassets */,
				044A3A57289D671E00BE8D3F /* LaunchScreen.storyboard */,
				044A3A5A289D671E00BE8D3F /* Info.plist */,
			);
			path = Reels;
			sourceTree = "<group>";
		};
		044A3A60289D67E000BE8D3F /* Model */ = {
			isa = PBXGroup;
			children = (
				04A726A928A05ABF00007C51 /* PlaylistModelResponse.swift */,
			);
			path = Model;
			sourceTree = "<group>";
		};
		044A3A61289D67E800BE8D3F /* View */ = {
			isa = PBXGroup;
			children = (
				044A3A50289D671C00BE8D3F /* HomeViewController.swift */,
				044A3A52289D671C00BE8D3F /* Main.storyboard */,
			);
			path = View;
			sourceTree = "<group>";
		};
		044A3A62289D67EC00BE8D3F /* ViewModel */ = {
			isa = PBXGroup;
			children = (
				044A3A6D289DCE6900BE8D3F /* HomeViewModel.swift */,
			);
			path = ViewModel;
			sourceTree = "<group>";
		};
		044A3A64289D67FD00BE8D3F /* HomeModule */ = {
			isa = PBXGroup;
			children = (
				044A3A60289D67E000BE8D3F /* Model */,
				044A3A62289D67EC00BE8D3F /* ViewModel */,
				044A3A61289D67E800BE8D3F /* View */,
			);
			path = HomeModule;
			sourceTree = "<group>";
		};
		044A3A65289D681600BE8D3F /* ShowModule */ = {
			isa = PBXGroup;
			children = (
				044A3A68289D682C00BE8D3F /* ViewModel */,
				044A3A67289D682800BE8D3F /* View */,
				044A3A66289D682100BE8D3F /* Model */,
			);
			path = ShowModule;
			sourceTree = "<group>";
		};
		044A3A66289D682100BE8D3F /* Model */ = {
			isa = PBXGroup;
			children = (
			);
			path = Model;
			sourceTree = "<group>";
		};
		044A3A67289D682800BE8D3F /* View */ = {
			isa = PBXGroup;
			children = (
			);
			path = View;
			sourceTree = "<group>";
		};
		044A3A68289D682C00BE8D3F /* ViewModel */ = {
			isa = PBXGroup;
			children = (
			);
			path = ViewModel;
			sourceTree = "<group>";
		};
		044A3A69289D683400BE8D3F /* Extension */ = {
			isa = PBXGroup;
			children = (
			);
			path = Extension;
			sourceTree = "<group>";
		};
		044A3A6A289D683F00BE8D3F /* Network */ = {
			isa = PBXGroup;
			children = (
				04A7269D289DE8A000007C51 /* NetworkManager.swift */,
			);
			path = Network;
			sourceTree = "<group>";
		};
		044A3A6B289D684B00BE8D3F /* Core */ = {
			isa = PBXGroup;
			children = (
				044A3A4C289D671C00BE8D3F /* AppDelegate.swift */,
				044A3A4E289D671C00BE8D3F /* SceneDelegate.swift */,
			);
			path = Core;
			sourceTree = "<group>";
		};
		044A3A6C289D685E00BE8D3F /* Helper */ = {
			isa = PBXGroup;
			children = (
			);
			path = Helper;
			sourceTree = "<group>";
		};
		044A3A6F289DCFA300BE8D3F /* BaseModule */ = {
			isa = PBXGroup;
			children = (
				044A3A73289DCFD200BE8D3F /* ViewModel */,
				044A3A70289DCFB500BE8D3F /* View */,
				044A3A72289DCFCD00BE8D3F /* Model */,
			);
			path = BaseModule;
			sourceTree = "<group>";
		};
		044A3A70289DCFB500BE8D3F /* View */ = {
			isa = PBXGroup;
			children = (
				044A3A75289DCFEC00BE8D3F /* BaseViewController.swift */,
			);
			path = View;
			sourceTree = "<group>";
		};
		044A3A72289DCFCD00BE8D3F /* Model */ = {
			isa = PBXGroup;
			children = (
			);
			path = Model;
			sourceTree = "<group>";
		};
		044A3A73289DCFD200BE8D3F /* ViewModel */ = {
			isa = PBXGroup;
			children = (
				044A3A77289DCFF600BE8D3F /* BaseViewModel.swift */,
			);
			path = ViewModel;
			sourceTree = "<group>";
		};
		7E2D42E507D120C82907C3AF /* Pods */ = {
			isa = PBXGroup;
			children = (
				9424A497A1FD558000AEF7F8 /* Pods-Reels.debug.xcconfig */,
				F3CA9D1BABE0F97507F59280 /* Pods-Reels.release.xcconfig */,
			);
			path = Pods;
			sourceTree = "<group>";
		};
		F552D667AEC5BFE1BAFADA30 /* Frameworks */ = {
			isa = PBXGroup;
			children = (
				F98F34E70CA0E82FBB088CE5 /* Pods_Reels.framework */,
			);
			name = Frameworks;
			sourceTree = "<group>";
		};
/* End PBXGroup section */

/* Begin PBXNativeTarget section */
		044A3A48289D671C00BE8D3F /* Reels */ = {
			isa = PBXNativeTarget;
			buildConfigurationList = 044A3A5D289D671E00BE8D3F /* Build configuration list for PBXNativeTarget "Reels" */;
			buildPhases = (
				3F38EC1C5405F82EA62CBAAB /* [CP] Check Pods Manifest.lock */,
				044A3A45289D671C00BE8D3F /* Sources */,
				044A3A46289D671C00BE8D3F /* Frameworks */,
				044A3A47289D671C00BE8D3F /* Resources */,
				062050F59FAF0F2ED26F1A84 /* [CP] Embed Pods Frameworks */,
				38756419236EA29B5BB0C6C5 /* [CP] Copy Pods Resources */,
			);
			buildRules = (
			);
			dependencies = (
			);
			name = Reels;
			productName = Reels;
			productReference = 044A3A49289D671C00BE8D3F /* Reels.app */;
			productType = "com.apple.product-type.application";
		};
/* End PBXNativeTarget section */

/* Begin PBXProject section */
		044A3A41289D671B00BE8D3F /* Project object */ = {
			isa = PBXProject;
			attributes = {
				BuildIndependentTargetsInParallel = 1;
				LastSwiftUpdateCheck = 1330;
				LastUpgradeCheck = 1330;
				TargetAttributes = {
					044A3A48289D671C00BE8D3F = {
						CreatedOnToolsVersion = 13.3;
					};
				};
			};
			buildConfigurationList = 044A3A44289D671B00BE8D3F /* Build configuration list for PBXProject "Reels" */;
			compatibilityVersion = "Xcode 13.0";
			developmentRegion = en;
			hasScannedForEncodings = 0;
			knownRegions = (
				en,
				Base,
			);
			mainGroup = 044A3A40289D671B00BE8D3F;
			productRefGroup = 044A3A4A289D671C00BE8D3F /* Products */;
			projectDirPath = "";
			projectRoot = "";
			targets = (
				044A3A48289D671C00BE8D3F /* Reels */,
			);
		};
/* End PBXProject section */

/* Begin PBXResourcesBuildPhase section */
		044A3A47289D671C00BE8D3F /* Resources */ = {
			isa = PBXResourcesBuildPhase;
			buildActionMask = 2147483647;
			files = (
				04A7269C289DE4D300007C51 /* client_56956782821-r4tsee7e80ji8n1bqkeuco8mpavrb643.apps.googleusercontent.com.plist in Resources */,
				044A3A59289D671E00BE8D3F /* LaunchScreen.storyboard in Resources */,
				044A3A56289D671E00BE8D3F /* Assets.xcassets in Resources */,
				044A3A54289D671C00BE8D3F /* Main.storyboard in Resources */,
			);
			runOnlyForDeploymentPostprocessing = 0;
		};
/* End PBXResourcesBuildPhase section */

/* Begin PBXShellScriptBuildPhase section */
		062050F59FAF0F2ED26F1A84 /* [CP] Embed Pods Frameworks */ = {
			isa = PBXShellScriptBuildPhase;
			buildActionMask = 2147483647;
			files = (
			);
			inputFileListPaths = (
				"${PODS_ROOT}/Target Support Files/Pods-Reels/Pods-Reels-frameworks-${CONFIGURATION}-input-files.xcfilelist",
			);
			name = "[CP] Embed Pods Frameworks";
			outputFileListPaths = (
				"${PODS_ROOT}/Target Support Files/Pods-Reels/Pods-Reels-frameworks-${CONFIGURATION}-output-files.xcfilelist",
			);
			runOnlyForDeploymentPostprocessing = 0;
			shellPath = /bin/sh;
			shellScript = "\"${PODS_ROOT}/Target Support Files/Pods-Reels/Pods-Reels-frameworks.sh\"\n";
			showEnvVarsInLog = 0;
		};
		38756419236EA29B5BB0C6C5 /* [CP] Copy Pods Resources */ = {
			isa = PBXShellScriptBuildPhase;
			buildActionMask = 2147483647;
			files = (
			);
			inputFileListPaths = (
				"${PODS_ROOT}/Target Support Files/Pods-Reels/Pods-Reels-resources-${CONFIGURATION}-input-files.xcfilelist",
			);
			name = "[CP] Copy Pods Resources";
			outputFileListPaths = (
				"${PODS_ROOT}/Target Support Files/Pods-Reels/Pods-Reels-resources-${CONFIGURATION}-output-files.xcfilelist",
			);
			runOnlyForDeploymentPostprocessing = 0;
			shellPath = /bin/sh;
			shellScript = "\"${PODS_ROOT}/Target Support Files/Pods-Reels/Pods-Reels-resources.sh\"\n";
			showEnvVarsInLog = 0;
		};
		3F38EC1C5405F82EA62CBAAB /* [CP] Check Pods Manifest.lock */ = {
			isa = PBXShellScriptBuildPhase;
			buildActionMask = 2147483647;
			files = (
			);
			inputFileListPaths = (
			);
			inputPaths = (
				"${PODS_PODFILE_DIR_PATH}/Podfile.lock",
				"${PODS_ROOT}/Manifest.lock",
			);
			name = "[CP] Check Pods Manifest.lock";
			outputFileListPaths = (
			);
			outputPaths = (
				"$(DERIVED_FILE_DIR)/Pods-Reels-checkManifestLockResult.txt",
			);
			runOnlyForDeploymentPostprocessing = 0;
			shellPath = /bin/sh;
			shellScript = "diff \"${PODS_PODFILE_DIR_PATH}/Podfile.lock\" \"${PODS_ROOT}/Manifest.lock\" > /dev/null\nif [ $? != 0 ] ; then\n    # print error to STDERR\n    echo \"error: The sandbox is not in sync with the Podfile.lock. Run 'pod install' or update your CocoaPods installation.\" >&2\n    exit 1\nfi\n# This output is used by Xcode 'outputs' to avoid re-running this script phase.\necho \"SUCCESS\" > \"${SCRIPT_OUTPUT_FILE_0}\"\n";
			showEnvVarsInLog = 0;
		};
/* End PBXShellScriptBuildPhase section */

/* Begin PBXSourcesBuildPhase section */
		044A3A45289D671C00BE8D3F /* Sources */ = {
			isa = PBXSourcesBuildPhase;
			buildActionMask = 2147483647;
			files = (
				04A726AA28A05ABF00007C51 /* PlaylistModelResponse.swift in Sources */,
				044A3A76289DCFEC00BE8D3F /* BaseViewController.swift in Sources */,
				044A3A51289D671C00BE8D3F /* HomeViewController.swift in Sources */,
				044A3A4D289D671C00BE8D3F /* AppDelegate.swift in Sources */,
				04A7269E289DE8A000007C51 /* NetworkManager.swift in Sources */,
				044A3A4F289D671C00BE8D3F /* SceneDelegate.swift in Sources */,
				044A3A6E289DCE6900BE8D3F /* HomeViewModel.swift in Sources */,
				044A3A78289DCFF600BE8D3F /* BaseViewModel.swift in Sources */,
			);
			runOnlyForDeploymentPostprocessing = 0;
		};
/* End PBXSourcesBuildPhase section */

/* Begin PBXVariantGroup section */
		044A3A52289D671C00BE8D3F /* Main.storyboard */ = {
			isa = PBXVariantGroup;
			children = (
				044A3A53289D671C00BE8D3F /* Base */,
			);
			name = Main.storyboard;
			sourceTree = "<group>";
		};
		044A3A57289D671E00BE8D3F /* LaunchScreen.storyboard */ = {
			isa = PBXVariantGroup;
			children = (
				044A3A58289D671E00BE8D3F /* Base */,
			);
			name = LaunchScreen.storyboard;
			sourceTree = "<group>";
		};
/* End PBXVariantGroup section */

/* Begin XCBuildConfiguration section */
		044A3A5B289D671E00BE8D3F /* Debug */ = {
			isa = XCBuildConfiguration;
			buildSettings = {
				ALWAYS_SEARCH_USER_PATHS = NO;
				CLANG_ANALYZER_NONNULL = YES;
				CLANG_ANALYZER_NUMBER_OBJECT_CONVERSION = YES_AGGRESSIVE;
				CLANG_CXX_LANGUAGE_STANDARD = "gnu++17";
				CLANG_ENABLE_MODULES = YES;
				CLANG_ENABLE_OBJC_ARC = YES;
				CLANG_ENABLE_OBJC_WEAK = YES;
				CLANG_WARN_BLOCK_CAPTURE_AUTORELEASING = YES;
				CLANG_WARN_BOOL_CONVERSION = YES;
				CLANG_WARN_COMMA = YES;
				CLANG_WARN_CONSTANT_CONVERSION = YES;
				CLANG_WARN_DEPRECATED_OBJC_IMPLEMENTATIONS = YES;
				CLANG_WARN_DIRECT_OBJC_ISA_USAGE = YES_ERROR;
				CLANG_WARN_DOCUMENTATION_COMMENTS = YES;
				CLANG_WARN_EMPTY_BODY = YES;
				CLANG_WARN_ENUM_CONVERSION = YES;
				CLANG_WARN_INFINITE_RECURSION = YES;
				CLANG_WARN_INT_CONVERSION = YES;
				CLANG_WARN_NON_LITERAL_NULL_CONVERSION = YES;
				CLANG_WARN_OBJC_IMPLICIT_RETAIN_SELF = YES;
				CLANG_WARN_OBJC_LITERAL_CONVERSION = YES;
				CLANG_WARN_OBJC_ROOT_CLASS = YES_ERROR;
				CLANG_WARN_QUOTED_INCLUDE_IN_FRAMEWORK_HEADER = YES;
				CLANG_WARN_RANGE_LOOP_ANALYSIS = YES;
				CLANG_WARN_STRICT_PROTOTYPES = YES;
				CLANG_WARN_SUSPICIOUS_MOVE = YES;
				CLANG_WARN_UNGUARDED_AVAILABILITY = YES_AGGRESSIVE;
				CLANG_WARN_UNREACHABLE_CODE = YES;
				CLANG_WARN__DUPLICATE_METHOD_MATCH = YES;
				COPY_PHASE_STRIP = NO;
				DEBUG_INFORMATION_FORMAT = dwarf;
				ENABLE_STRICT_OBJC_MSGSEND = YES;
				ENABLE_TESTABILITY = YES;
				GCC_C_LANGUAGE_STANDARD = gnu11;
				GCC_DYNAMIC_NO_PIC = NO;
				GCC_NO_COMMON_BLOCKS = YES;
				GCC_OPTIMIZATION_LEVEL = 0;
				GCC_PREPROCESSOR_DEFINITIONS = (
					"DEBUG=1",
					"$(inherited)",
				);
				GCC_WARN_64_TO_32_BIT_CONVERSION = YES;
				GCC_WARN_ABOUT_RETURN_TYPE = YES_ERROR;
				GCC_WARN_UNDECLARED_SELECTOR = YES;
				GCC_WARN_UNINITIALIZED_AUTOS = YES_AGGRESSIVE;
				GCC_WARN_UNUSED_FUNCTION = YES;
				GCC_WARN_UNUSED_VARIABLE = YES;
				IPHONEOS_DEPLOYMENT_TARGET = 15.4;
				MTL_ENABLE_DEBUG_INFO = INCLUDE_SOURCE;
				MTL_FAST_MATH = YES;
				ONLY_ACTIVE_ARCH = YES;
				SDKROOT = iphoneos;
				SWIFT_ACTIVE_COMPILATION_CONDITIONS = DEBUG;
				SWIFT_OPTIMIZATION_LEVEL = "-Onone";
			};
			name = Debug;
		};
		044A3A5C289D671E00BE8D3F /* Release */ = {
			isa = XCBuildConfiguration;
			buildSettings = {
				ALWAYS_SEARCH_USER_PATHS = NO;
				CLANG_ANALYZER_NONNULL = YES;
				CLANG_ANALYZER_NUMBER_OBJECT_CONVERSION = YES_AGGRESSIVE;
				CLANG_CXX_LANGUAGE_STANDARD = "gnu++17";
				CLANG_ENABLE_MODULES = YES;
				CLANG_ENABLE_OBJC_ARC = YES;
				CLANG_ENABLE_OBJC_WEAK = YES;
				CLANG_WARN_BLOCK_CAPTURE_AUTORELEASING = YES;
				CLANG_WARN_BOOL_CONVERSION = YES;
				CLANG_WARN_COMMA = YES;
				CLANG_WARN_CONSTANT_CONVERSION = YES;
				CLANG_WARN_DEPRECATED_OBJC_IMPLEMENTATIONS = YES;
				CLANG_WARN_DIRECT_OBJC_ISA_USAGE = YES_ERROR;
				CLANG_WARN_DOCUMENTATION_COMMENTS = YES;
				CLANG_WARN_EMPTY_BODY = YES;
				CLANG_WARN_ENUM_CONVERSION = YES;
				CLANG_WARN_INFINITE_RECURSION = YES;
				CLANG_WARN_INT_CONVERSION = YES;
				CLANG_WARN_NON_LITERAL_NULL_CONVERSION = YES;
				CLANG_WARN_OBJC_IMPLICIT_RETAIN_SELF = YES;
				CLANG_WARN_OBJC_LITERAL_CONVERSION = YES;
				CLANG_WARN_OBJC_ROOT_CLASS = YES_ERROR;
				CLANG_WARN_QUOTED_INCLUDE_IN_FRAMEWORK_HEADER = YES;
				CLANG_WARN_RANGE_LOOP_ANALYSIS = YES;
				CLANG_WARN_STRICT_PROTOTYPES = YES;
				CLANG_WARN_SUSPICIOUS_MOVE = YES;
				CLANG_WARN_UNGUARDED_AVAILABILITY = YES_AGGRESSIVE;
				CLANG_WARN_UNREACHABLE_CODE = YES;
				CLANG_WARN__DUPLICATE_METHOD_MATCH = YES;
				COPY_PHASE_STRIP = NO;
				DEBUG_INFORMATION_FORMAT = "dwarf-with-dsym";
				ENABLE_NS_ASSERTIONS = NO;
				ENABLE_STRICT_OBJC_MSGSEND = YES;
				GCC_C_LANGUAGE_STANDARD = gnu11;
				GCC_NO_COMMON_BLOCKS = YES;
				GCC_WARN_64_TO_32_BIT_CONVERSION = YES;
				GCC_WARN_ABOUT_RETURN_TYPE = YES_ERROR;
				GCC_WARN_UNDECLARED_SELECTOR = YES;
				GCC_WARN_UNINITIALIZED_AUTOS = YES_AGGRESSIVE;
				GCC_WARN_UNUSED_FUNCTION = YES;
				GCC_WARN_UNUSED_VARIABLE = YES;
				IPHONEOS_DEPLOYMENT_TARGET = 15.4;
				MTL_ENABLE_DEBUG_INFO = NO;
				MTL_FAST_MATH = YES;
				SDKROOT = iphoneos;
				SWIFT_COMPILATION_MODE = wholemodule;
				SWIFT_OPTIMIZATION_LEVEL = "-O";
				VALIDATE_PRODUCT = YES;
			};
			name = Release;
		};
		044A3A5E289D671E00BE8D3F /* Debug */ = {
			isa = XCBuildConfiguration;
			baseConfigurationReference = 9424A497A1FD558000AEF7F8 /* Pods-Reels.debug.xcconfig */;
			buildSettings = {
				ASSETCATALOG_COMPILER_APPICON_NAME = AppIcon;
				ASSETCATALOG_COMPILER_GLOBAL_ACCENT_COLOR_NAME = AccentColor;
				CODE_SIGN_STYLE = Automatic;
				CURRENT_PROJECT_VERSION = 1;
				DEVELOPMENT_TEAM = GJ5M6CU2KY;
				GENERATE_INFOPLIST_FILE = YES;
				INFOPLIST_FILE = Reels/Info.plist;
				INFOPLIST_KEY_UIApplicationSupportsIndirectInputEvents = YES;
				INFOPLIST_KEY_UILaunchStoryboardName = LaunchScreen;
				INFOPLIST_KEY_UIMainStoryboardFile = Main;
				INFOPLIST_KEY_UISupportedInterfaceOrientations_iPad = "UIInterfaceOrientationPortrait UIInterfaceOrientationPortraitUpsideDown UIInterfaceOrientationLandscapeLeft UIInterfaceOrientationLandscapeRight";
				INFOPLIST_KEY_UISupportedInterfaceOrientations_iPhone = "UIInterfaceOrientationPortrait UIInterfaceOrientationLandscapeLeft UIInterfaceOrientationLandscapeRight";
				LD_RUNPATH_SEARCH_PATHS = (
					"$(inherited)",
					"@executable_path/Frameworks",
				);
				MARKETING_VERSION = 1.0;
				PRODUCT_BUNDLE_IDENTIFIER = com.MadarSoft.Reels;
				PRODUCT_NAME = "$(TARGET_NAME)";
				SWIFT_EMIT_LOC_STRINGS = YES;
				SWIFT_VERSION = 5.0;
				TARGETED_DEVICE_FAMILY = "1,2";
			};
			name = Debug;
		};
		044A3A5F289D671E00BE8D3F /* Release */ = {
			isa = XCBuildConfiguration;
			baseConfigurationReference = F3CA9D1BABE0F97507F59280 /* Pods-Reels.release.xcconfig */;
			buildSettings = {
				ASSETCATALOG_COMPILER_APPICON_NAME = AppIcon;
				ASSETCATALOG_COMPILER_GLOBAL_ACCENT_COLOR_NAME = AccentColor;
				CODE_SIGN_STYLE = Automatic;
				CURRENT_PROJECT_VERSION = 1;
				DEVELOPMENT_TEAM = GJ5M6CU2KY;
				GENERATE_INFOPLIST_FILE = YES;
				INFOPLIST_FILE = Reels/Info.plist;
				INFOPLIST_KEY_UIApplicationSupportsIndirectInputEvents = YES;
				INFOPLIST_KEY_UILaunchStoryboardName = LaunchScreen;
				INFOPLIST_KEY_UIMainStoryboardFile = Main;
				INFOPLIST_KEY_UISupportedInterfaceOrientations_iPad = "UIInterfaceOrientationPortrait UIInterfaceOrientationPortraitUpsideDown UIInterfaceOrientationLandscapeLeft UIInterfaceOrientationLandscapeRight";
				INFOPLIST_KEY_UISupportedInterfaceOrientations_iPhone = "UIInterfaceOrientationPortrait UIInterfaceOrientationLandscapeLeft UIInterfaceOrientationLandscapeRight";
				LD_RUNPATH_SEARCH_PATHS = (
					"$(inherited)",
					"@executable_path/Frameworks",
				);
				MARKETING_VERSION = 1.0;
				PRODUCT_BUNDLE_IDENTIFIER = com.MadarSoft.Reels;
				PRODUCT_NAME = "$(TARGET_NAME)";
				SWIFT_EMIT_LOC_STRINGS = YES;
				SWIFT_VERSION = 5.0;
				TARGETED_DEVICE_FAMILY = "1,2";
			};
			name = Release;
		};
/* End XCBuildConfiguration section */

/* Begin XCConfigurationList section */
		044A3A44289D671B00BE8D3F /* Build configuration list for PBXProject "Reels" */ = {
			isa = XCConfigurationList;
			buildConfigurations = (
				044A3A5B289D671E00BE8D3F /* Debug */,
				044A3A5C289D671E00BE8D3F /* Release */,
			);
			defaultConfigurationIsVisible = 0;
			defaultConfigurationName = Release;
		};
		044A3A5D289D671E00BE8D3F /* Build configuration list for PBXNativeTarget "Reels" */ = {
			isa = XCConfigurationList;
			buildConfigurations = (
				044A3A5E289D671E00BE8D3F /* Debug */,
				044A3A5F289D671E00BE8D3F /* Release */,
			);
			defaultConfigurationIsVisible = 0;
			defaultConfigurationName = Release;
		};
/* End XCConfigurationList section */
	};
	rootObject = 044A3A41289D671B00BE8D3F /* Project object */;
}
